
Microsoft Visual Studio Solution File, Format Version 12.00
# Visual Studio Version 17
VisualStudioVersion = 17.11.35208.52
MinimumVisualStudioVersion = 10.0.40219.1
Project("{FAE04EC0-301F-11D3-BF4B-00C04F79EFBC}") = "Ejercicio1_evaluación_S9", "Ejercicio1_evaluación_S9\Ejercicio1_evaluación_S9.csproj", "{111355B1-62FB-4DC1-A1B6-C3E6E3E54720}"
EndProject
Global
	GlobalSection(SolutionConfigurationPlatforms) = preSolution
		Debug|Any CPU = Debug|Any CPU
		Release|Any CPU = Release|Any CPU
	EndGlobalSection
	GlobalSection(ProjectConfigurationPlatforms) = postSolution
		{111355B1-62FB-4DC1-A1B6-C3E6E3E54720}.Debug|Any CPU.ActiveCfg = Debug|Any CPU
		{111355B1-62FB-4DC1-A1B6-C3E6E3E54720}.Debug|Any CPU.Build.0 = Debug|Any CPU
		{111355B1-62FB-4DC1-A1B6-C3E6E3E54720}.Release|Any CPU.ActiveCfg = Release|Any CPU
		{111355B1-62FB-4DC1-A1B6-C3E6E3E54720}.Release|Any CPU.Build.0 = Release|Any CPU
	EndGlobalSection
	GlobalSection(SolutionProperties) = preSolution
		HideSolutionNode = FALSE
	EndGlobalSection
	GlobalSection(ExtensibilityGlobals) = postSolution
		SolutionGuid = {729F0381-793D-4FD5-A374-BB68805C98C7}
	EndGlobalSection
EndGlobal
