
Microsoft Visual Studio Solution File, Format Version 12.00
# Visual Studio Version 17
VisualStudioVersion = 17.11.35219.272
MinimumVisualStudioVersion = 10.0.40219.1
Project("{FAE04EC0-301F-11D3-BF4B-00C04F79EFBC}") = "Ejercicio4_evaluacion", "Ejercicio4_evaluacion\Ejercicio4_evaluacion.csproj", "{ED27431B-D04E-4677-B097-3BC3C10AC581}"
EndProject
Global
	GlobalSection(SolutionConfigurationPlatforms) = preSolution
		Debug|Any CPU = Debug|Any CPU
		Release|Any CPU = Release|Any CPU
	EndGlobalSection
	GlobalSection(ProjectConfigurationPlatforms) = postSolution
		{ED27431B-D04E-4677-B097-3BC3C10AC581}.Debug|Any CPU.ActiveCfg = Debug|Any CPU
		{ED27431B-D04E-4677-B097-3BC3C10AC581}.Debug|Any CPU.Build.0 = Debug|Any CPU
		{ED27431B-D04E-4677-B097-3BC3C10AC581}.Release|Any CPU.ActiveCfg = Release|Any CPU
		{ED27431B-D04E-4677-B097-3BC3C10AC581}.Release|Any CPU.Build.0 = Release|Any CPU
	EndGlobalSection
	GlobalSection(SolutionProperties) = preSolution
		HideSolutionNode = FALSE
	EndGlobalSection
	GlobalSection(ExtensibilityGlobals) = postSolution
		SolutionGuid = {B55A0BD6-D6FE-4963-A75E-85412C4420FF}
	EndGlobalSection
EndGlobal
