
Microsoft Visual Studio Solution File, Format Version 12.00
# Visual Studio Version 17
VisualStudioVersion = 17.11.35219.272
MinimumVisualStudioVersion = 10.0.40219.1
Project("{FAE04EC0-301F-11D3-BF4B-00C04F79EFBC}") = "modular_1", "modular_1\modular_1.csproj", "{1E286CB5-9346-4F72-8EB6-83D95CAF7289}"
EndProject
Global
	GlobalSection(SolutionConfigurationPlatforms) = preSolution
		Debug|Any CPU = Debug|Any CPU
		Release|Any CPU = Release|Any CPU
	EndGlobalSection
	GlobalSection(ProjectConfigurationPlatforms) = postSolution
		{1E286CB5-9346-4F72-8EB6-83D95CAF7289}.Debug|Any CPU.ActiveCfg = Debug|Any CPU
		{1E286CB5-9346-4F72-8EB6-83D95CAF7289}.Debug|Any CPU.Build.0 = Debug|Any CPU
		{1E286CB5-9346-4F72-8EB6-83D95CAF7289}.Release|Any CPU.ActiveCfg = Release|Any CPU
		{1E286CB5-9346-4F72-8EB6-83D95CAF7289}.Release|Any CPU.Build.0 = Release|Any CPU
	EndGlobalSection
	GlobalSection(SolutionProperties) = preSolution
		HideSolutionNode = FALSE
	EndGlobalSection
	GlobalSection(ExtensibilityGlobals) = postSolution
		SolutionGuid = {378EEEE0-8349-4E9E-8D04-98CFB9810F08}
	EndGlobalSection
EndGlobal
